// !$*UTF8*$!
{
	archiveVersion = 1;
	classes = {
	};
	objectVersion = 46;
	objects = {

/* Begin PBXBuildFile section */
		963E1E0C1B2714FC00C83882 /* NGRCrop.framework in Frameworks */ = {isa = PBXBuildFile; fileRef = 963E1E001B2714FC00C83882 /* NGRCrop.framework */; };
		963E1E131B2714FC00C83882 /* NGRCropTests.m in Sources */ = {isa = PBXBuildFile; fileRef = 963E1E121B2714FC00C83882 /* NGRCropTests.m */; };
		963E1E251B2715BA00C83882 /* NGRAlertController.h in Headers */ = {isa = PBXBuildFile; fileRef = 963E1E1D1B2715BA00C83882 /* NGRAlertController.h */; };
		963E1E261B2715BA00C83882 /* NGRAlertController.m in Sources */ = {isa = PBXBuildFile; fileRef = 963E1E1E1B2715BA00C83882 /* NGRAlertController.m */; };
		963E1E271B2715BA00C83882 /* NGREventMessenger.h in Headers */ = {isa = PBXBuildFile; fileRef = 963E1E1F1B2715BA00C83882 /* NGREventMessenger.h */; };
		963E1E281B2715BA00C83882 /* NGREventMessenger.m in Sources */ = {isa = PBXBuildFile; fileRef = 963E1E201B2715BA00C83882 /* NGREventMessenger.m */; };
		963E1E291B2715BA00C83882 /* NGRImageEditViewController.h in Headers */ = {isa = PBXBuildFile; fileRef = 963E1E211B2715BA00C83882 /* NGRImageEditViewController.h */; };
		963E1E2A1B2715BA00C83882 /* NGRImageEditViewController.m in Sources */ = {isa = PBXBuildFile; fileRef = 963E1E221B2715BA00C83882 /* NGRImageEditViewController.m */; };
		963E1E2B1B2715BA00C83882 /* NGRTransformViewController.h in Headers */ = {isa = PBXBuildFile; fileRef = 963E1E231B2715BA00C83882 /* NGRTransformViewController.h */; };
		963E1E2C1B2715BA00C83882 /* NGRTransformViewController.m in Sources */ = {isa = PBXBuildFile; fileRef = 963E1E241B2715BA00C83882 /* NGRTransformViewController.m */; };
		963E1E321B2715CD00C83882 /* NGRImageEditView.h in Headers */ = {isa = PBXBuildFile; fileRef = 963E1E2E1B2715CD00C83882 /* NGRImageEditView.h */; };
		963E1E331B2715CD00C83882 /* NGRImageEditView.m in Sources */ = {isa = PBXBuildFile; fileRef = 963E1E2F1B2715CD00C83882 /* NGRImageEditView.m */; };
		963E1E341B2715CD00C83882 /* NGRTransformView.h in Headers */ = {isa = PBXBuildFile; fileRef = 963E1E301B2715CD00C83882 /* NGRTransformView.h */; };
		963E1E351B2715CD00C83882 /* NGRTransformView.m in Sources */ = {isa = PBXBuildFile; fileRef = 963E1E311B2715CD00C83882 /* NGRTransformView.m */; };
		963E1E3D1B2715F000C83882 /* NGRAnchorPoint.h in Headers */ = {isa = PBXBuildFile; fileRef = 963E1E371B2715F000C83882 /* NGRAnchorPoint.h */; };
		963E1E3E1B2715F000C83882 /* NGRAnchorPoint.m in Sources */ = {isa = PBXBuildFile; fileRef = 963E1E381B2715F000C83882 /* NGRAnchorPoint.m */; };
		963E1E3F1B2715F000C83882 /* NGRScalableBorder.h in Headers */ = {isa = PBXBuildFile; fileRef = 963E1E391B2715F000C83882 /* NGRScalableBorder.h */; };
		963E1E401B2715F000C83882 /* NGRScalableBorder.m in Sources */ = {isa = PBXBuildFile; fileRef = 963E1E3A1B2715F000C83882 /* NGRScalableBorder.m */; };
		963E1E411B2715F000C83882 /* NGRScalableView.h in Headers */ = {isa = PBXBuildFile; fileRef = 963E1E3B1B2715F000C83882 /* NGRScalableView.h */; };
		963E1E421B2715F000C83882 /* NGRScalableView.m in Sources */ = {isa = PBXBuildFile; fileRef = 963E1E3C1B2715F000C83882 /* NGRScalableView.m */; };
		963E1E481B27160F00C83882 /* NGRScalableBorder+Anchors.h in Headers */ = {isa = PBXBuildFile; fileRef = 963E1E441B27160F00C83882 /* NGRScalableBorder+Anchors.h */; };
		963E1E491B27160F00C83882 /* NGRScalableBorder+Anchors.m in Sources */ = {isa = PBXBuildFile; fileRef = 963E1E451B27160F00C83882 /* NGRScalableBorder+Anchors.m */; };
		963E1E4A1B27160F00C83882 /* NGRScalableView+Math.h in Headers */ = {isa = PBXBuildFile; fileRef = 963E1E461B27160F00C83882 /* NGRScalableView+Math.h */; };
		963E1E4B1B27160F00C83882 /* NGRScalableView+Math.m in Sources */ = {isa = PBXBuildFile; fileRef = 963E1E471B27160F00C83882 /* NGRScalableView+Math.m */; };
		963E1E531B27162E00C83882 /* NGRFooterView.h in Headers */ = {isa = PBXBuildFile; fileRef = 963E1E4D1B27162E00C83882 /* NGRFooterView.h */; };
		963E1E541B27162E00C83882 /* NGRFooterView.m in Sources */ = {isa = PBXBuildFile; fileRef = 963E1E4E1B27162E00C83882 /* NGRFooterView.m */; };
		963E1E551B27162E00C83882 /* NGRHeaderFooterView.h in Headers */ = {isa = PBXBuildFile; fileRef = 963E1E4F1B27162E00C83882 /* NGRHeaderFooterView.h */; };
		963E1E561B27162E00C83882 /* NGRHeaderFooterView.m in Sources */ = {isa = PBXBuildFile; fileRef = 963E1E501B27162E00C83882 /* NGRHeaderFooterView.m */; };
		963E1E571B27162E00C83882 /* NGRHeaderView.h in Headers */ = {isa = PBXBuildFile; fileRef = 963E1E511B27162E00C83882 /* NGRHeaderView.h */; };
		963E1E581B27162E00C83882 /* NGRHeaderView.m in Sources */ = {isa = PBXBuildFile; fileRef = 963E1E521B27162E00C83882 /* NGRHeaderView.m */; };
		963E1E5C1B27164500C83882 /* NGRRatioItem.h in Headers */ = {isa = PBXBuildFile; fileRef = 963E1E5A1B27164500C83882 /* NGRRatioItem.h */; };
		963E1E5D1B27164500C83882 /* NGRRatioItem.m in Sources */ = {isa = PBXBuildFile; fileRef = 963E1E5B1B27164500C83882 /* NGRRatioItem.m */; };
		963E1E601B27167000C83882 /* NGRGeometry.h in Headers */ = {isa = PBXBuildFile; fileRef = 963E1E5E1B27167000C83882 /* NGRGeometry.h */; };
		963E1E611B27167000C83882 /* NGRNotificationIdentifiers.h in Headers */ = {isa = PBXBuildFile; fileRef = 963E1E5F1B27167000C83882 /* NGRNotificationIdentifiers.h */; };
/* End PBXBuildFile section */

/* Begin PBXContainerItemProxy section */
		963E1E0D1B2714FC00C83882 /* PBXContainerItemProxy */ = {
			isa = PBXContainerItemProxy;
			containerPortal = 963E1DF71B2714FC00C83882 /* Project object */;
			proxyType = 1;
			remoteGlobalIDString = 963E1DFF1B2714FC00C83882;
			remoteInfo = NGRCrop;
		};
/* End PBXContainerItemProxy section */

/* Begin PBXFileReference section */
		963E1E001B2714FC00C83882 /* NGRCrop.framework */ = {isa = PBXFileReference; explicitFileType = wrapper.framework; includeInIndex = 0; path = NGRCrop.framework; sourceTree = BUILT_PRODUCTS_DIR; };
		963E1E041B2714FC00C83882 /* Info.plist */ = {isa = PBXFileReference; lastKnownFileType = text.plist.xml; path = Info.plist; sourceTree = "<group>"; };
		963E1E0B1B2714FC00C83882 /* NGRCropTests.xctest */ = {isa = PBXFileReference; explicitFileType = wrapper.cfbundle; includeInIndex = 0; path = NGRCropTests.xctest; sourceTree = BUILT_PRODUCTS_DIR; };
		963E1E111B2714FC00C83882 /* Info.plist */ = {isa = PBXFileReference; lastKnownFileType = text.plist.xml; path = Info.plist; sourceTree = "<group>"; };
		963E1E121B2714FC00C83882 /* NGRCropTests.m */ = {isa = PBXFileReference; lastKnownFileType = sourcecode.c.objc; path = NGRCropTests.m; sourceTree = "<group>"; };
		963E1E1D1B2715BA00C83882 /* NGRAlertController.h */ = {isa = PBXFileReference; fileEncoding = 4; lastKnownFileType = sourcecode.c.h; name = NGRAlertController.h; path = Controllers/NGRAlertController.h; sourceTree = "<group>"; };
		963E1E1E1B2715BA00C83882 /* NGRAlertController.m */ = {isa = PBXFileReference; fileEncoding = 4; lastKnownFileType = sourcecode.c.objc; name = NGRAlertController.m; path = Controllers/NGRAlertController.m; sourceTree = "<group>"; };
		963E1E1F1B2715BA00C83882 /* NGREventMessenger.h */ = {isa = PBXFileReference; fileEncoding = 4; lastKnownFileType = sourcecode.c.h; name = NGREventMessenger.h; path = Controllers/NGREventMessenger.h; sourceTree = "<group>"; };
		963E1E201B2715BA00C83882 /* NGREventMessenger.m */ = {isa = PBXFileReference; fileEncoding = 4; lastKnownFileType = sourcecode.c.objc; name = NGREventMessenger.m; path = Controllers/NGREventMessenger.m; sourceTree = "<group>"; };
		963E1E211B2715BA00C83882 /* NGRImageEditViewController.h */ = {isa = PBXFileReference; fileEncoding = 4; lastKnownFileType = sourcecode.c.h; name = NGRImageEditViewController.h; path = Controllers/NGRImageEditViewController.h; sourceTree = "<group>"; };
		963E1E221B2715BA00C83882 /* NGRImageEditViewController.m */ = {isa = PBXFileReference; fileEncoding = 4; lastKnownFileType = sourcecode.c.objc; name = NGRImageEditViewController.m; path = Controllers/NGRImageEditViewController.m; sourceTree = "<group>"; };
		963E1E231B2715BA00C83882 /* NGRTransformViewController.h */ = {isa = PBXFileReference; fileEncoding = 4; lastKnownFileType = sourcecode.c.h; name = NGRTransformViewController.h; path = Controllers/NGRTransformViewController.h; sourceTree = "<group>"; };
		963E1E241B2715BA00C83882 /* NGRTransformViewController.m */ = {isa = PBXFileReference; fileEncoding = 4; lastKnownFileType = sourcecode.c.objc; name = NGRTransformViewController.m; path = Controllers/NGRTransformViewController.m; sourceTree = "<group>"; };
		963E1E2E1B2715CD00C83882 /* NGRImageEditView.h */ = {isa = PBXFileReference; fileEncoding = 4; lastKnownFileType = sourcecode.c.h; name = NGRImageEditView.h; path = Views/NGRImageEditView.h; sourceTree = "<group>"; };
		963E1E2F1B2715CD00C83882 /* NGRImageEditView.m */ = {isa = PBXFileReference; fileEncoding = 4; lastKnownFileType = sourcecode.c.objc; name = NGRImageEditView.m; path = Views/NGRImageEditView.m; sourceTree = "<group>"; };
		963E1E301B2715CD00C83882 /* NGRTransformView.h */ = {isa = PBXFileReference; fileEncoding = 4; lastKnownFileType = sourcecode.c.h; name = NGRTransformView.h; path = Views/NGRTransformView.h; sourceTree = "<group>"; };
		963E1E311B2715CD00C83882 /* NGRTransformView.m */ = {isa = PBXFileReference; fileEncoding = 4; lastKnownFileType = sourcecode.c.objc; name = NGRTransformView.m; path = Views/NGRTransformView.m; sourceTree = "<group>"; };
		963E1E371B2715F000C83882 /* NGRAnchorPoint.h */ = {isa = PBXFileReference; fileEncoding = 4; lastKnownFileType = sourcecode.c.h; name = NGRAnchorPoint.h; path = CropFrame/NGRAnchorPoint.h; sourceTree = "<group>"; };
		963E1E381B2715F000C83882 /* NGRAnchorPoint.m */ = {isa = PBXFileReference; fileEncoding = 4; lastKnownFileType = sourcecode.c.objc; name = NGRAnchorPoint.m; path = CropFrame/NGRAnchorPoint.m; sourceTree = "<group>"; };
		963E1E391B2715F000C83882 /* NGRScalableBorder.h */ = {isa = PBXFileReference; fileEncoding = 4; lastKnownFileType = sourcecode.c.h; name = NGRScalableBorder.h; path = CropFrame/NGRScalableBorder.h; sourceTree = "<group>"; };
		963E1E3A1B2715F000C83882 /* NGRScalableBorder.m */ = {isa = PBXFileReference; fileEncoding = 4; lastKnownFileType = sourcecode.c.objc; name = NGRScalableBorder.m; path = CropFrame/NGRScalableBorder.m; sourceTree = "<group>"; };
		963E1E3B1B2715F000C83882 /* NGRScalableView.h */ = {isa = PBXFileReference; fileEncoding = 4; lastKnownFileType = sourcecode.c.h; name = NGRScalableView.h; path = CropFrame/NGRScalableView.h; sourceTree = "<group>"; };
		963E1E3C1B2715F000C83882 /* NGRScalableView.m */ = {isa = PBXFileReference; fileEncoding = 4; lastKnownFileType = sourcecode.c.objc; name = NGRScalableView.m; path = CropFrame/NGRScalableView.m; sourceTree = "<group>"; };
		963E1E441B27160F00C83882 /* NGRScalableBorder+Anchors.h */ = {isa = PBXFileReference; fileEncoding = 4; lastKnownFileType = sourcecode.c.h; name = "NGRScalableBorder+Anchors.h"; path = "CropFrame/Categories/NGRScalableBorder+Anchors.h"; sourceTree = "<group>"; };
		963E1E451B27160F00C83882 /* NGRScalableBorder+Anchors.m */ = {isa = PBXFileReference; fileEncoding = 4; lastKnownFileType = sourcecode.c.objc; name = "NGRScalableBorder+Anchors.m"; path = "CropFrame/Categories/NGRScalableBorder+Anchors.m"; sourceTree = "<group>"; };
		963E1E461B27160F00C83882 /* NGRScalableView+Math.h */ = {isa = PBXFileReference; fileEncoding = 4; lastKnownFileType = sourcecode.c.h; name = "NGRScalableView+Math.h"; path = "CropFrame/Categories/NGRScalableView+Math.h"; sourceTree = "<group>"; };
		963E1E471B27160F00C83882 /* NGRScalableView+Math.m */ = {isa = PBXFileReference; fileEncoding = 4; lastKnownFileType = sourcecode.c.objc; name = "NGRScalableView+Math.m"; path = "CropFrame/Categories/NGRScalableView+Math.m"; sourceTree = "<group>"; };
		963E1E4D1B27162E00C83882 /* NGRFooterView.h */ = {isa = PBXFileReference; fileEncoding = 4; lastKnownFileType = sourcecode.c.h; name = NGRFooterView.h; path = "Default Header Footer/NGRFooterView.h"; sourceTree = "<group>"; };
		963E1E4E1B27162E00C83882 /* NGRFooterView.m */ = {isa = PBXFileReference; fileEncoding = 4; lastKnownFileType = sourcecode.c.objc; name = NGRFooterView.m; path = "Default Header Footer/NGRFooterView.m"; sourceTree = "<group>"; };
		963E1E4F1B27162E00C83882 /* NGRHeaderFooterView.h */ = {isa = PBXFileReference; fileEncoding = 4; lastKnownFileType = sourcecode.c.h; name = NGRHeaderFooterView.h; path = "Default Header Footer/NGRHeaderFooterView.h"; sourceTree = "<group>"; };
		963E1E501B27162E00C83882 /* NGRHeaderFooterView.m */ = {isa = PBXFileReference; fileEncoding = 4; lastKnownFileType = sourcecode.c.objc; name = NGRHeaderFooterView.m; path = "Default Header Footer/NGRHeaderFooterView.m"; sourceTree = "<group>"; };
		963E1E511B27162E00C83882 /* NGRHeaderView.h */ = {isa = PBXFileReference; fileEncoding = 4; lastKnownFileType = sourcecode.c.h; name = NGRHeaderView.h; path = "Default Header Footer/NGRHeaderView.h"; sourceTree = "<group>"; };
		963E1E521B27162E00C83882 /* NGRHeaderView.m */ = {isa = PBXFileReference; fileEncoding = 4; lastKnownFileType = sourcecode.c.objc; name = NGRHeaderView.m; path = "Default Header Footer/NGRHeaderView.m"; sourceTree = "<group>"; };
		963E1E5A1B27164500C83882 /* NGRRatioItem.h */ = {isa = PBXFileReference; fileEncoding = 4; lastKnownFileType = sourcecode.c.h; name = NGRRatioItem.h; path = Models/NGRRatioItem.h; sourceTree = "<group>"; };
		963E1E5B1B27164500C83882 /* NGRRatioItem.m */ = {isa = PBXFileReference; fileEncoding = 4; lastKnownFileType = sourcecode.c.objc; name = NGRRatioItem.m; path = Models/NGRRatioItem.m; sourceTree = "<group>"; };
		963E1E5E1B27167000C83882 /* NGRGeometry.h */ = {isa = PBXFileReference; fileEncoding = 4; lastKnownFileType = sourcecode.c.h; path = NGRGeometry.h; sourceTree = "<group>"; };
		963E1E5F1B27167000C83882 /* NGRNotificationIdentifiers.h */ = {isa = PBXFileReference; fileEncoding = 4; lastKnownFileType = sourcecode.c.h; path = NGRNotificationIdentifiers.h; sourceTree = "<group>"; };
/* End PBXFileReference section */

/* Begin PBXFrameworksBuildPhase section */
		963E1DFC1B2714FC00C83882 /* Frameworks */ = {
			isa = PBXFrameworksBuildPhase;
			buildActionMask = 2147483647;
			files = (
			);
			runOnlyForDeploymentPostprocessing = 0;
		};
		963E1E081B2714FC00C83882 /* Frameworks */ = {
			isa = PBXFrameworksBuildPhase;
			buildActionMask = 2147483647;
			files = (
				963E1E0C1B2714FC00C83882 /* NGRCrop.framework in Frameworks */,
			);
			runOnlyForDeploymentPostprocessing = 0;
		};
/* End PBXFrameworksBuildPhase section */

/* Begin PBXGroup section */
		963E1DF61B2714FC00C83882 = {
			isa = PBXGroup;
			children = (
				963E1E021B2714FC00C83882 /* NGRCrop */,
				963E1E0F1B2714FC00C83882 /* NGRCropTests */,
				963E1E011B2714FC00C83882 /* Products */,
			);
			sourceTree = "<group>";
		};
		963E1E011B2714FC00C83882 /* Products */ = {
			isa = PBXGroup;
			children = (
				963E1E001B2714FC00C83882 /* NGRCrop.framework */,
				963E1E0B1B2714FC00C83882 /* NGRCropTests.xctest */,
			);
			name = Products;
			sourceTree = "<group>";
		};
		963E1E021B2714FC00C83882 /* NGRCrop */ = {
			isa = PBXGroup;
			children = (
				963E1E5E1B27167000C83882 /* NGRGeometry.h */,
				963E1E5F1B27167000C83882 /* NGRNotificationIdentifiers.h */,
				963E1E591B27163A00C83882 /* Models */,
				963E1E4C1B27162300C83882 /* Default Header Footer */,
				963E1E361B2715D800C83882 /* CropFrame */,
				963E1E2D1B2715C100C83882 /* Views */,
				963E1E1C1B2715A500C83882 /* Controllers */,
				963E1E031B2714FC00C83882 /* Supporting Files */,
			);
			path = NGRCrop;
			sourceTree = "<group>";
		};
		963E1E031B2714FC00C83882 /* Supporting Files */ = {
			isa = PBXGroup;
			children = (
				963E1E041B2714FC00C83882 /* Info.plist */,
			);
			name = "Supporting Files";
			sourceTree = "<group>";
		};
		963E1E0F1B2714FC00C83882 /* NGRCropTests */ = {
			isa = PBXGroup;
			children = (
				963E1E121B2714FC00C83882 /* NGRCropTests.m */,
				963E1E101B2714FC00C83882 /* Supporting Files */,
			);
			path = NGRCropTests;
			sourceTree = "<group>";
		};
		963E1E101B2714FC00C83882 /* Supporting Files */ = {
			isa = PBXGroup;
			children = (
				963E1E111B2714FC00C83882 /* Info.plist */,
			);
			name = "Supporting Files";
			sourceTree = "<group>";
		};
		963E1E1C1B2715A500C83882 /* Controllers */ = {
			isa = PBXGroup;
			children = (
				963E1E1D1B2715BA00C83882 /* NGRAlertController.h */,
				963E1E1E1B2715BA00C83882 /* NGRAlertController.m */,
				963E1E1F1B2715BA00C83882 /* NGREventMessenger.h */,
				963E1E201B2715BA00C83882 /* NGREventMessenger.m */,
				963E1E211B2715BA00C83882 /* NGRImageEditViewController.h */,
				963E1E221B2715BA00C83882 /* NGRImageEditViewController.m */,
				963E1E231B2715BA00C83882 /* NGRTransformViewController.h */,
				963E1E241B2715BA00C83882 /* NGRTransformViewController.m */,
			);
			name = Controllers;
			sourceTree = "<group>";
		};
		963E1E2D1B2715C100C83882 /* Views */ = {
			isa = PBXGroup;
			children = (
				963E1E2E1B2715CD00C83882 /* NGRImageEditView.h */,
				963E1E2F1B2715CD00C83882 /* NGRImageEditView.m */,
				963E1E301B2715CD00C83882 /* NGRTransformView.h */,
				963E1E311B2715CD00C83882 /* NGRTransformView.m */,
			);
			name = Views;
			sourceTree = "<group>";
		};
		963E1E361B2715D800C83882 /* CropFrame */ = {
			isa = PBXGroup;
			children = (
				963E1E431B2715F300C83882 /* Categories */,
				963E1E371B2715F000C83882 /* NGRAnchorPoint.h */,
				963E1E381B2715F000C83882 /* NGRAnchorPoint.m */,
				963E1E391B2715F000C83882 /* NGRScalableBorder.h */,
				963E1E3A1B2715F000C83882 /* NGRScalableBorder.m */,
				963E1E3B1B2715F000C83882 /* NGRScalableView.h */,
				963E1E3C1B2715F000C83882 /* NGRScalableView.m */,
			);
			name = CropFrame;
			sourceTree = "<group>";
		};
		963E1E431B2715F300C83882 /* Categories */ = {
			isa = PBXGroup;
			children = (
				963E1E441B27160F00C83882 /* NGRScalableBorder+Anchors.h */,
				963E1E451B27160F00C83882 /* NGRScalableBorder+Anchors.m */,
				963E1E461B27160F00C83882 /* NGRScalableView+Math.h */,
				963E1E471B27160F00C83882 /* NGRScalableView+Math.m */,
			);
			name = Categories;
			sourceTree = "<group>";
		};
		963E1E4C1B27162300C83882 /* Default Header Footer */ = {
			isa = PBXGroup;
			children = (
				963E1E4D1B27162E00C83882 /* NGRFooterView.h */,
				963E1E4E1B27162E00C83882 /* NGRFooterView.m */,
				963E1E4F1B27162E00C83882 /* NGRHeaderFooterView.h */,
				963E1E501B27162E00C83882 /* NGRHeaderFooterView.m */,
				963E1E511B27162E00C83882 /* NGRHeaderView.h */,
				963E1E521B27162E00C83882 /* NGRHeaderView.m */,
			);
			name = "Default Header Footer";
			sourceTree = "<group>";
		};
		963E1E591B27163A00C83882 /* Models */ = {
			isa = PBXGroup;
			children = (
				963E1E5A1B27164500C83882 /* NGRRatioItem.h */,
				963E1E5B1B27164500C83882 /* NGRRatioItem.m */,
			);
			name = Models;
			sourceTree = "<group>";
		};
/* End PBXGroup section */

/* Begin PBXHeadersBuildPhase section */
		963E1DFD1B2714FC00C83882 /* Headers */ = {
			isa = PBXHeadersBuildPhase;
			buildActionMask = 2147483647;
			files = (
				963E1E481B27160F00C83882 /* NGRScalableBorder+Anchors.h in Headers */,
				963E1E4A1B27160F00C83882 /* NGRScalableView+Math.h in Headers */,
				963E1E5C1B27164500C83882 /* NGRRatioItem.h in Headers */,
				963E1E571B27162E00C83882 /* NGRHeaderView.h in Headers */,
				963E1E611B27167000C83882 /* NGRNotificationIdentifiers.h in Headers */,
				963E1E341B2715CD00C83882 /* NGRTransformView.h in Headers */,
				963E1E2B1B2715BA00C83882 /* NGRTransformViewController.h in Headers */,
				963E1E601B27167000C83882 /* NGRGeometry.h in Headers */,
				963E1E3D1B2715F000C83882 /* NGRAnchorPoint.h in Headers */,
				963E1E321B2715CD00C83882 /* NGRImageEditView.h in Headers */,
				963E1E531B27162E00C83882 /* NGRFooterView.h in Headers */,
				963E1E251B2715BA00C83882 /* NGRAlertController.h in Headers */,
				963E1E3F1B2715F000C83882 /* NGRScalableBorder.h in Headers */,
				963E1E271B2715BA00C83882 /* NGREventMessenger.h in Headers */,
				963E1E551B27162E00C83882 /* NGRHeaderFooterView.h in Headers */,
				963E1E411B2715F000C83882 /* NGRScalableView.h in Headers */,
				963E1E291B2715BA00C83882 /* NGRImageEditViewController.h in Headers */,
			);
			runOnlyForDeploymentPostprocessing = 0;
		};
/* End PBXHeadersBuildPhase section */

/* Begin PBXNativeTarget section */
		963E1DFF1B2714FC00C83882 /* NGRCrop */ = {
			isa = PBXNativeTarget;
			buildConfigurationList = 963E1E161B2714FC00C83882 /* Build configuration list for PBXNativeTarget "NGRCrop" */;
			buildPhases = (
				963E1DFB1B2714FC00C83882 /* Sources */,
				963E1DFC1B2714FC00C83882 /* Frameworks */,
				963E1DFD1B2714FC00C83882 /* Headers */,
				963E1DFE1B2714FC00C83882 /* Resources */,
			);
			buildRules = (
			);
			dependencies = (
			);
			name = NGRCrop;
			productName = NGRCrop;
			productReference = 963E1E001B2714FC00C83882 /* NGRCrop.framework */;
			productType = "com.apple.product-type.framework";
		};
		963E1E0A1B2714FC00C83882 /* NGRCropTests */ = {
			isa = PBXNativeTarget;
			buildConfigurationList = 963E1E191B2714FC00C83882 /* Build configuration list for PBXNativeTarget "NGRCropTests" */;
			buildPhases = (
				963E1E071B2714FC00C83882 /* Sources */,
				963E1E081B2714FC00C83882 /* Frameworks */,
				963E1E091B2714FC00C83882 /* Resources */,
			);
			buildRules = (
			);
			dependencies = (
				963E1E0E1B2714FC00C83882 /* PBXTargetDependency */,
			);
			name = NGRCropTests;
			productName = NGRCropTests;
			productReference = 963E1E0B1B2714FC00C83882 /* NGRCropTests.xctest */;
			productType = "com.apple.product-type.bundle.unit-test";
		};
/* End PBXNativeTarget section */

/* Begin PBXProject section */
		963E1DF71B2714FC00C83882 /* Project object */ = {
			isa = PBXProject;
			attributes = {
				LastUpgradeCheck = 0630;
				ORGANIZATIONNAME = "Marcin Piesiak";
				TargetAttributes = {
					963E1DFF1B2714FC00C83882 = {
						CreatedOnToolsVersion = 6.3.2;
					};
					963E1E0A1B2714FC00C83882 = {
						CreatedOnToolsVersion = 6.3.2;
					};
				};
			};
			buildConfigurationList = 963E1DFA1B2714FC00C83882 /* Build configuration list for PBXProject "NGRCrop" */;
			compatibilityVersion = "Xcode 3.2";
			developmentRegion = English;
			hasScannedForEncodings = 0;
			knownRegions = (
				en,
			);
			mainGroup = 963E1DF61B2714FC00C83882;
			productRefGroup = 963E1E011B2714FC00C83882 /* Products */;
			projectDirPath = "";
			projectRoot = "";
			targets = (
				963E1DFF1B2714FC00C83882 /* NGRCrop */,
				963E1E0A1B2714FC00C83882 /* NGRCropTests */,
			);
		};
/* End PBXProject section */

/* Begin PBXResourcesBuildPhase section */
		963E1DFE1B2714FC00C83882 /* Resources */ = {
			isa = PBXResourcesBuildPhase;
			buildActionMask = 2147483647;
			files = (
			);
			runOnlyForDeploymentPostprocessing = 0;
		};
		963E1E091B2714FC00C83882 /* Resources */ = {
			isa = PBXResourcesBuildPhase;
			buildActionMask = 2147483647;
			files = (
			);
			runOnlyForDeploymentPostprocessing = 0;
		};
/* End PBXResourcesBuildPhase section */

/* Begin PBXSourcesBuildPhase section */
		963E1DFB1B2714FC00C83882 /* Sources */ = {
			isa = PBXSourcesBuildPhase;
			buildActionMask = 2147483647;
			files = (
				963E1E2A1B2715BA00C83882 /* NGRImageEditViewController.m in Sources */,
				963E1E561B27162E00C83882 /* NGRHeaderFooterView.m in Sources */,
				963E1E421B2715F000C83882 /* NGRScalableView.m in Sources */,
				963E1E351B2715CD00C83882 /* NGRTransformView.m in Sources */,
				963E1E541B27162E00C83882 /* NGRFooterView.m in Sources */,
				963E1E581B27162E00C83882 /* NGRHeaderView.m in Sources */,
				963E1E401B2715F000C83882 /* NGRScalableBorder.m in Sources */,
				963E1E4B1B27160F00C83882 /* NGRScalableView+Math.m in Sources */,
				963E1E331B2715CD00C83882 /* NGRImageEditView.m in Sources */,
				963E1E491B27160F00C83882 /* NGRScalableBorder+Anchors.m in Sources */,
				963E1E3E1B2715F000C83882 /* NGRAnchorPoint.m in Sources */,
				963E1E2C1B2715BA00C83882 /* NGRTransformViewController.m in Sources */,
				963E1E5D1B27164500C83882 /* NGRRatioItem.m in Sources */,
				963E1E281B2715BA00C83882 /* NGREventMessenger.m in Sources */,
				963E1E261B2715BA00C83882 /* NGRAlertController.m in Sources */,
			);
			runOnlyForDeploymentPostprocessing = 0;
		};
		963E1E071B2714FC00C83882 /* Sources */ = {
			isa = PBXSourcesBuildPhase;
			buildActionMask = 2147483647;
			files = (
				963E1E131B2714FC00C83882 /* NGRCropTests.m in Sources */,
			);
			runOnlyForDeploymentPostprocessing = 0;
		};
/* End PBXSourcesBuildPhase section */

/* Begin PBXTargetDependency section */
		963E1E0E1B2714FC00C83882 /* PBXTargetDependency */ = {
			isa = PBXTargetDependency;
			target = 963E1DFF1B2714FC00C83882 /* NGRCrop */;
			targetProxy = 963E1E0D1B2714FC00C83882 /* PBXContainerItemProxy */;
		};
/* End PBXTargetDependency section */

/* Begin XCBuildConfiguration section */
		963E1E141B2714FC00C83882 /* Debug */ = {
			isa = XCBuildConfiguration;
			buildSettings = {
				ALWAYS_SEARCH_USER_PATHS = NO;
				CLANG_CXX_LANGUAGE_STANDARD = "gnu++0x";
				CLANG_CXX_LIBRARY = "libc++";
				CLANG_ENABLE_MODULES = YES;
				CLANG_ENABLE_OBJC_ARC = YES;
				CLANG_WARN_BOOL_CONVERSION = YES;
				CLANG_WARN_CONSTANT_CONVERSION = YES;
				CLANG_WARN_DIRECT_OBJC_ISA_USAGE = YES_ERROR;
				CLANG_WARN_EMPTY_BODY = YES;
				CLANG_WARN_ENUM_CONVERSION = YES;
				CLANG_WARN_INT_CONVERSION = YES;
				CLANG_WARN_OBJC_ROOT_CLASS = YES_ERROR;
				CLANG_WARN_UNREACHABLE_CODE = YES;
				CLANG_WARN__DUPLICATE_METHOD_MATCH = YES;
				"CODE_SIGN_IDENTITY[sdk=iphoneos*]" = "iPhone Developer";
				COPY_PHASE_STRIP = NO;
				CURRENT_PROJECT_VERSION = 1;
				DEBUG_INFORMATION_FORMAT = "dwarf-with-dsym";
				ENABLE_STRICT_OBJC_MSGSEND = YES;
				GCC_C_LANGUAGE_STANDARD = gnu99;
				GCC_DYNAMIC_NO_PIC = NO;
				GCC_NO_COMMON_BLOCKS = YES;
				GCC_OPTIMIZATION_LEVEL = 0;
				GCC_PREPROCESSOR_DEFINITIONS = (
					"DEBUG=1",
					"$(inherited)",
				);
				GCC_SYMBOLS_PRIVATE_EXTERN = NO;
				GCC_WARN_64_TO_32_BIT_CONVERSION = YES;
				GCC_WARN_ABOUT_RETURN_TYPE = YES_ERROR;
				GCC_WARN_UNDECLARED_SELECTOR = YES;
				GCC_WARN_UNINITIALIZED_AUTOS = YES_AGGRESSIVE;
				GCC_WARN_UNUSED_FUNCTION = YES;
				GCC_WARN_UNUSED_VARIABLE = YES;
				IPHONEOS_DEPLOYMENT_TARGET = 8.3;
				MTL_ENABLE_DEBUG_INFO = YES;
				ONLY_ACTIVE_ARCH = YES;
				SDKROOT = iphoneos;
				TARGETED_DEVICE_FAMILY = "1,2";
				VERSIONING_SYSTEM = "apple-generic";
				VERSION_INFO_PREFIX = "";
			};
			name = Debug;
		};
		963E1E151B2714FC00C83882 /* Release */ = {
			isa = XCBuildConfiguration;
			buildSettings = {
				ALWAYS_SEARCH_USER_PATHS = NO;
				CLANG_CXX_LANGUAGE_STANDARD = "gnu++0x";
				CLANG_CXX_LIBRARY = "libc++";
				CLANG_ENABLE_MODULES = YES;
				CLANG_ENABLE_OBJC_ARC = YES;
				CLANG_WARN_BOOL_CONVERSION = YES;
				CLANG_WARN_CONSTANT_CONVERSION = YES;
				CLANG_WARN_DIRECT_OBJC_ISA_USAGE = YES_ERROR;
				CLANG_WARN_EMPTY_BODY = YES;
				CLANG_WARN_ENUM_CONVERSION = YES;
				CLANG_WARN_INT_CONVERSION = YES;
				CLANG_WARN_OBJC_ROOT_CLASS = YES_ERROR;
				CLANG_WARN_UNREACHABLE_CODE = YES;
				CLANG_WARN__DUPLICATE_METHOD_MATCH = YES;
				"CODE_SIGN_IDENTITY[sdk=iphoneos*]" = "iPhone Developer";
				COPY_PHASE_STRIP = NO;
				CURRENT_PROJECT_VERSION = 1;
				DEBUG_INFORMATION_FORMAT = "dwarf-with-dsym";
				ENABLE_NS_ASSERTIONS = NO;
				ENABLE_STRICT_OBJC_MSGSEND = YES;
				GCC_C_LANGUAGE_STANDARD = gnu99;
				GCC_NO_COMMON_BLOCKS = YES;
				GCC_WARN_64_TO_32_BIT_CONVERSION = YES;
				GCC_WARN_ABOUT_RETURN_TYPE = YES_ERROR;
				GCC_WARN_UNDECLARED_SELECTOR = YES;
				GCC_WARN_UNINITIALIZED_AUTOS = YES_AGGRESSIVE;
				GCC_WARN_UNUSED_FUNCTION = YES;
				GCC_WARN_UNUSED_VARIABLE = YES;
				IPHONEOS_DEPLOYMENT_TARGET = 8.3;
				MTL_ENABLE_DEBUG_INFO = NO;
				SDKROOT = iphoneos;
				TARGETED_DEVICE_FAMILY = "1,2";
				VALIDATE_PRODUCT = YES;
				VERSIONING_SYSTEM = "apple-generic";
				VERSION_INFO_PREFIX = "";
			};
			name = Release;
		};
		963E1E171B2714FC00C83882 /* Debug */ = {
			isa = XCBuildConfiguration;
			buildSettings = {
				DEFINES_MODULE = YES;
				DYLIB_COMPATIBILITY_VERSION = 1;
				DYLIB_CURRENT_VERSION = 1;
				DYLIB_INSTALL_NAME_BASE = "@rpath";
				INFOPLIST_FILE = NGRCrop/Info.plist;
				INSTALL_PATH = "$(LOCAL_LIBRARY_DIR)/Frameworks";
				LD_RUNPATH_SEARCH_PATHS = "$(inherited) @executable_path/Frameworks @loader_path/Frameworks";
				PRODUCT_NAME = "$(TARGET_NAME)";
				SKIP_INSTALL = YES;
			};
			name = Debug;
		};
		963E1E181B2714FC00C83882 /* Release */ = {
			isa = XCBuildConfiguration;
			buildSettings = {
				DEFINES_MODULE = YES;
				DYLIB_COMPATIBILITY_VERSION = 1;
				DYLIB_CURRENT_VERSION = 1;
				DYLIB_INSTALL_NAME_BASE = "@rpath";
				INFOPLIST_FILE = NGRCrop/Info.plist;
				INSTALL_PATH = "$(LOCAL_LIBRARY_DIR)/Frameworks";
				LD_RUNPATH_SEARCH_PATHS = "$(inherited) @executable_path/Frameworks @loader_path/Frameworks";
				PRODUCT_NAME = "$(TARGET_NAME)";
				SKIP_INSTALL = YES;
			};
			name = Release;
		};
		963E1E1A1B2714FC00C83882 /* Debug */ = {
			isa = XCBuildConfiguration;
			buildSettings = {
				FRAMEWORK_SEARCH_PATHS = (
					"$(SDKROOT)/Developer/Library/Frameworks",
					"$(inherited)",
				);
				GCC_PREPROCESSOR_DEFINITIONS = (
					"DEBUG=1",
					"$(inherited)",
				);
				INFOPLIST_FILE = NGRCropTests/Info.plist;
				LD_RUNPATH_SEARCH_PATHS = "$(inherited) @executable_path/Frameworks @loader_path/Frameworks";
				PRODUCT_NAME = "$(TARGET_NAME)";
			};
			name = Debug;
		};
		963E1E1B1B2714FC00C83882 /* Release */ = {
			isa = XCBuildConfiguration;
			buildSettings = {
				FRAMEWORK_SEARCH_PATHS = (
					"$(SDKROOT)/Developer/Library/Frameworks",
					"$(inherited)",
				);
				INFOPLIST_FILE = NGRCropTests/Info.plist;
				LD_RUNPATH_SEARCH_PATHS = "$(inherited) @executable_path/Frameworks @loader_path/Frameworks";
				PRODUCT_NAME = "$(TARGET_NAME)";
			};
			name = Release;
		};
/* End XCBuildConfiguration section */

/* Begin XCConfigurationList section */
		963E1DFA1B2714FC00C83882 /* Build configuration list for PBXProject "NGRCrop" */ = {
			isa = XCConfigurationList;
			buildConfigurations = (
				963E1E141B2714FC00C83882 /* Debug */,
				963E1E151B2714FC00C83882 /* Release */,
			);
			defaultConfigurationIsVisible = 0;
			defaultConfigurationName = Release;
		};
		963E1E161B2714FC00C83882 /* Build configuration list for PBXNativeTarget "NGRCrop" */ = {
			isa = XCConfigurationList;
			buildConfigurations = (
				963E1E171B2714FC00C83882 /* Debug */,
				963E1E181B2714FC00C83882 /* Release */,
			);
			defaultConfigurationIsVisible = 0;
		};
		963E1E191B2714FC00C83882 /* Build configuration list for PBXNativeTarget "NGRCropTests" */ = {
			isa = XCConfigurationList;
			buildConfigurations = (
				963E1E1A1B2714FC00C83882 /* Debug */,
				963E1E1B1B2714FC00C83882 /* Release */,
			);
			defaultConfigurationIsVisible = 0;
		};
/* End XCConfigurationList section */
	};
	rootObject = 963E1DF71B2714FC00C83882 /* Project object */;
}
